
Microsoft Visual Studio Solution File, Format Version 12.00
# Visual Studio 15
VisualStudioVersion = 15.0.27004.2002
MinimumVisualStudioVersion = 10.0.40219.1
Project("{FAE04EC0-301F-11D3-BF4B-00C04F79EFBC}") = "Core", "core\Core.csproj", "{41CF837B-01EA-4B6F-B564-931B92DBAE5E}"
EndProject
Project("{FAE04EC0-301F-11D3-BF4B-00C04F79EFBC}") = "Web", "Web\Web.csproj", "{80F8ADCE-EBFD-49E7-A6D2-CEAB6883CE02}"
EndProject
Project("{FAE04EC0-301F-11D3-BF4B-00C04F79EFBC}") = "Tests", "Tests\Tests.csproj", "{289F7395-4093-4611-A773-EC76182B0A17}"
EndProject
Project("{2150E333-8FDC-42A3-9474-1A3956D46DE8}") = "Solution Items", "Solution Items", "{0A1175D1-D0C4-4C93-B119-A84DE0E2AB07}"
	ProjectSection(SolutionItems) = preProject
		LICENCE = LICENCE
		pack.bat = pack.bat
	EndProjectSection
EndProject
Global
	GlobalSection(SolutionConfigurationPlatforms) = preSolution
		Debug|Any CPU = Debug|Any CPU
		Release|Any CPU = Release|Any CPU
	EndGlobalSection
	GlobalSection(ProjectConfigurationPlatforms) = postSolution
		{41CF837B-01EA-4B6F-B564-931B92DBAE5E}.Debug|Any CPU.ActiveCfg = Debug|Any CPU
		{41CF837B-01EA-4B6F-B564-931B92DBAE5E}.Debug|Any CPU.Build.0 = Debug|Any CPU
		{41CF837B-01EA-4B6F-B564-931B92DBAE5E}.Release|Any CPU.ActiveCfg = Release|Any CPU
		{41CF837B-01EA-4B6F-B564-931B92DBAE5E}.Release|Any CPU.Build.0 = Release|Any CPU
		{80F8ADCE-EBFD-49E7-A6D2-CEAB6883CE02}.Debug|Any CPU.ActiveCfg = Debug|Any CPU
		{80F8ADCE-EBFD-49E7-A6D2-CEAB6883CE02}.Debug|Any CPU.Build.0 = Debug|Any CPU
		{80F8ADCE-EBFD-49E7-A6D2-CEAB6883CE02}.Release|Any CPU.ActiveCfg = Release|Any CPU
		{80F8ADCE-EBFD-49E7-A6D2-CEAB6883CE02}.Release|Any CPU.Build.0 = Release|Any CPU
		{289F7395-4093-4611-A773-EC76182B0A17}.Debug|Any CPU.ActiveCfg = Debug|Any CPU
		{289F7395-4093-4611-A773-EC76182B0A17}.Debug|Any CPU.Build.0 = Debug|Any CPU
		{289F7395-4093-4611-A773-EC76182B0A17}.Release|Any CPU.ActiveCfg = Release|Any CPU
		{289F7395-4093-4611-A773-EC76182B0A17}.Release|Any CPU.Build.0 = Release|Any CPU
	EndGlobalSection
	GlobalSection(SolutionProperties) = preSolution
		HideSolutionNode = FALSE
	EndGlobalSection
	GlobalSection(ExtensibilityGlobals) = postSolution
		SolutionGuid = {9A473BDF-519F-4BF7-B70E-9E7B3EDEDE45}
	EndGlobalSection
EndGlobal
